// !$*UTF8*$!
{
	archiveVersion = 1;
	classes = {
	};
	objectVersion = 56;
	objects = {

/* Begin PBXBuildFile section */
		3671AA3F262BD3340A0BBC0F /* Pods_APIBooks.framework in Frameworks */ = {isa = PBXBuildFile; fileRef = 835EB7C213E3AC8C48CE329F /* Pods_APIBooks.framework */; };
		E3486D802993F42D00F90118 /* AppDelegate.swift in Sources */ = {isa = PBXBuildFile; fileRef = E3486D7F2993F42D00F90118 /* AppDelegate.swift */; };
		E3486D822993F42D00F90118 /* SceneDelegate.swift in Sources */ = {isa = PBXBuildFile; fileRef = E3486D812993F42D00F90118 /* SceneDelegate.swift */; };
		E3486D892993F43200F90118 /* Assets.xcassets in Resources */ = {isa = PBXBuildFile; fileRef = E3486D882993F43200F90118 /* Assets.xcassets */; };
		E3486D8C2993F43200F90118 /* LaunchScreen.storyboard in Resources */ = {isa = PBXBuildFile; fileRef = E3486D8A2993F43200F90118 /* LaunchScreen.storyboard */; };
		E3486D9B2993F56A00F90118 /* HomeController.swift in Sources */ = {isa = PBXBuildFile; fileRef = E3486D9A2993F56A00F90118 /* HomeController.swift */; };
		E3486D9D2993F5B600F90118 /* BaseView.swift in Sources */ = {isa = PBXBuildFile; fileRef = E3486D9C2993F5B600F90118 /* BaseView.swift */; };
		E3486D9F2993F5DA00F90118 /* BaseViewController.swift in Sources */ = {isa = PBXBuildFile; fileRef = E3486D9E2993F5DA00F90118 /* BaseViewController.swift */; };
		E3CA351F29951738008F1065 /* BooksModel.swift in Sources */ = {isa = PBXBuildFile; fileRef = E3CA351E29951738008F1065 /* BooksModel.swift */; };
		E3E662FE2993F71E00EEB274 /* HomeView.swift in Sources */ = {isa = PBXBuildFile; fileRef = E3E662FD2993F71E00EEB274 /* HomeView.swift */; };
		E3E663002993F83F00EEB274 /* HomeViewModel.swift in Sources */ = {isa = PBXBuildFile; fileRef = E3E662FF2993F83F00EEB274 /* HomeViewModel.swift */; };
		E3E663022993F86000EEB274 /* BaseViewModel.swift in Sources */ = {isa = PBXBuildFile; fileRef = E3E663012993F86000EEB274 /* BaseViewModel.swift */; };
		E3E663072994068400EEB274 /* BookCell.swift in Sources */ = {isa = PBXBuildFile; fileRef = E3E663062994068400EEB274 /* BookCell.swift */; };
/* End PBXBuildFile section */

/* Begin PBXFileReference section */
		835EB7C213E3AC8C48CE329F /* Pods_APIBooks.framework */ = {isa = PBXFileReference; explicitFileType = wrapper.framework; includeInIndex = 0; path = Pods_APIBooks.framework; sourceTree = BUILT_PRODUCTS_DIR; };
		A4122FCE98545548F7300D66 /* Pods-APIBooks.release.xcconfig */ = {isa = PBXFileReference; includeInIndex = 1; lastKnownFileType = text.xcconfig; name = "Pods-APIBooks.release.xcconfig"; path = "Target Support Files/Pods-APIBooks/Pods-APIBooks.release.xcconfig"; sourceTree = "<group>"; };
		C0AACA16872BA09371E19976 /* Pods-APIBooks.debug.xcconfig */ = {isa = PBXFileReference; includeInIndex = 1; lastKnownFileType = text.xcconfig; name = "Pods-APIBooks.debug.xcconfig"; path = "Target Support Files/Pods-APIBooks/Pods-APIBooks.debug.xcconfig"; sourceTree = "<group>"; };
		E3486D7C2993F42D00F90118 /* APIBooks.app */ = {isa = PBXFileReference; explicitFileType = wrapper.application; includeInIndex = 0; path = APIBooks.app; sourceTree = BUILT_PRODUCTS_DIR; };
		E3486D7F2993F42D00F90118 /* AppDelegate.swift */ = {isa = PBXFileReference; lastKnownFileType = sourcecode.swift; path = AppDelegate.swift; sourceTree = "<group>"; };
		E3486D812993F42D00F90118 /* SceneDelegate.swift */ = {isa = PBXFileReference; lastKnownFileType = sourcecode.swift; path = SceneDelegate.swift; sourceTree = "<group>"; };
		E3486D882993F43200F90118 /* Assets.xcassets */ = {isa = PBXFileReference; lastKnownFileType = folder.assetcatalog; path = Assets.xcassets; sourceTree = "<group>"; };
		E3486D8B2993F43200F90118 /* Base */ = {isa = PBXFileReference; lastKnownFileType = file.storyboard; name = Base; path = Base.lproj/LaunchScreen.storyboard; sourceTree = "<group>"; };
		E3486D8D2993F43200F90118 /* Info.plist */ = {isa = PBXFileReference; lastKnownFileType = text.plist.xml; path = Info.plist; sourceTree = "<group>"; };
		E3486D9A2993F56A00F90118 /* HomeController.swift */ = {isa = PBXFileReference; lastKnownFileType = sourcecode.swift; path = HomeController.swift; sourceTree = "<group>"; };
		E3486D9C2993F5B600F90118 /* BaseView.swift */ = {isa = PBXFileReference; lastKnownFileType = sourcecode.swift; path = BaseView.swift; sourceTree = "<group>"; };
		E3486D9E2993F5DA00F90118 /* BaseViewController.swift */ = {isa = PBXFileReference; lastKnownFileType = sourcecode.swift; path = BaseViewController.swift; sourceTree = "<group>"; };
		E3CA351E29951738008F1065 /* BooksModel.swift */ = {isa = PBXFileReference; lastKnownFileType = sourcecode.swift; path = BooksModel.swift; sourceTree = "<group>"; };
		E3E662FD2993F71E00EEB274 /* HomeView.swift */ = {isa = PBXFileReference; lastKnownFileType = sourcecode.swift; path = HomeView.swift; sourceTree = "<group>"; };
		E3E662FF2993F83F00EEB274 /* HomeViewModel.swift */ = {isa = PBXFileReference; lastKnownFileType = sourcecode.swift; path = HomeViewModel.swift; sourceTree = "<group>"; };
		E3E663012993F86000EEB274 /* BaseViewModel.swift */ = {isa = PBXFileReference; lastKnownFileType = sourcecode.swift; path = BaseViewModel.swift; sourceTree = "<group>"; };
		E3E663062994068400EEB274 /* BookCell.swift */ = {isa = PBXFileReference; lastKnownFileType = sourcecode.swift; path = BookCell.swift; sourceTree = "<group>"; };
/* End PBXFileReference section */

/* Begin PBXFrameworksBuildPhase section */
		E3486D792993F42D00F90118 /* Frameworks */ = {
			isa = PBXFrameworksBuildPhase;
			buildActionMask = 2147483647;
			files = (
				3671AA3F262BD3340A0BBC0F /* Pods_APIBooks.framework in Frameworks */,
			);
			runOnlyForDeploymentPostprocessing = 0;
		};
/* End PBXFrameworksBuildPhase section */

/* Begin PBXGroup section */
		10A1F5F5E737AD8E7105A041 /* Frameworks */ = {
			isa = PBXGroup;
			children = (
				835EB7C213E3AC8C48CE329F /* Pods_APIBooks.framework */,
			);
			name = Frameworks;
			sourceTree = "<group>";
		};
		2DC5FCCBD971FF7C6BD6255A /* Pods */ = {
			isa = PBXGroup;
			children = (
				C0AACA16872BA09371E19976 /* Pods-APIBooks.debug.xcconfig */,
				A4122FCE98545548F7300D66 /* Pods-APIBooks.release.xcconfig */,
			);
			path = Pods;
			sourceTree = "<group>";
		};
		E3486D732993F42D00F90118 = {
			isa = PBXGroup;
			children = (
				E3486D7E2993F42D00F90118 /* APIBooks */,
				E3486D7D2993F42D00F90118 /* Products */,
				2DC5FCCBD971FF7C6BD6255A /* Pods */,
				10A1F5F5E737AD8E7105A041 /* Frameworks */,
			);
			sourceTree = "<group>";
		};
		E3486D7D2993F42D00F90118 /* Products */ = {
			isa = PBXGroup;
			children = (
				E3486D7C2993F42D00F90118 /* APIBooks.app */,
			);
			name = Products;
			sourceTree = "<group>";
		};
		E3486D7E2993F42D00F90118 /* APIBooks */ = {
			isa = PBXGroup;
			children = (
				E3E663052994067700EEB274 /* Cell */,
				E3486D932993F47200F90118 /* Model */,
				E3486D952993F49600F90118 /* View */,
				E3486D962993F4AB00F90118 /* ViewModel */,
				E3486D942993F47B00F90118 /* Controller */,
				E3486D7F2993F42D00F90118 /* AppDelegate.swift */,
				E3486D812993F42D00F90118 /* SceneDelegate.swift */,
				E3486D882993F43200F90118 /* Assets.xcassets */,
				E3486D8A2993F43200F90118 /* LaunchScreen.storyboard */,
				E3486D8D2993F43200F90118 /* Info.plist */,
				E3486D972993F4F000F90118 /* Utilities */,
			);
			path = APIBooks;
			sourceTree = "<group>";
		};
		E3486D932993F47200F90118 /* Model */ = {
			isa = PBXGroup;
			children = (
				E3CA351E29951738008F1065 /* BooksModel.swift */,
			);
			name = Model;
			sourceTree = "<group>";
		};
		E3486D942993F47B00F90118 /* Controller */ = {
			isa = PBXGroup;
			children = (
				E3486D9A2993F56A00F90118 /* HomeController.swift */,
			);
			path = Controller;
			sourceTree = "<group>";
		};
		E3486D952993F49600F90118 /* View */ = {
			isa = PBXGroup;
			children = (
				E3E662FD2993F71E00EEB274 /* HomeView.swift */,
			);
			name = View;
			sourceTree = "<group>";
		};
		E3486D962993F4AB00F90118 /* ViewModel */ = {
			isa = PBXGroup;
			children = (
				E3E662FF2993F83F00EEB274 /* HomeViewModel.swift */,
			);
			path = ViewModel;
			sourceTree = "<group>";
		};
		E3486D972993F4F000F90118 /* Utilities */ = {
			isa = PBXGroup;
			children = (
				E3486D9C2993F5B600F90118 /* BaseView.swift */,
				E3486D9E2993F5DA00F90118 /* BaseViewController.swift */,
				E3E663012993F86000EEB274 /* BaseViewModel.swift */,
			);
			name = Utilities;
			sourceTree = "<group>";
		};
		E3E663052994067700EEB274 /* Cell */ = {
			isa = PBXGroup;
			children = (
				E3E663062994068400EEB274 /* BookCell.swift */,
			);
			path = Cell;
			sourceTree = "<group>";
		};
/* End PBXGroup section */

/* Begin PBXNativeTarget section */
		E3486D7B2993F42D00F90118 /* APIBooks */ = {
			isa = PBXNativeTarget;
			buildConfigurationList = E3486D902993F43200F90118 /* Build configuration list for PBXNativeTarget "APIBooks" */;
			buildPhases = (
				7D0DD8381F3E514E70C299F8 /* [CP] Check Pods Manifest.lock */,
				E3486D782993F42D00F90118 /* Sources */,
				E3486D792993F42D00F90118 /* Frameworks */,
				E3486D7A2993F42D00F90118 /* Resources */,
				99A43A47AFEDA997414344FD /* [CP] Embed Pods Frameworks */,
			);
			buildRules = (
			);
			dependencies = (
			);
			name = APIBooks;
			productName = APIBooks;
			productReference = E3486D7C2993F42D00F90118 /* APIBooks.app */;
			productType = "com.apple.product-type.application";
		};
/* End PBXNativeTarget section */

/* Begin PBXProject section */
		E3486D742993F42D00F90118 /* Project object */ = {
			isa = PBXProject;
			attributes = {
				BuildIndependentTargetsInParallel = 1;
				LastSwiftUpdateCheck = 1400;
				LastUpgradeCheck = 1400;
				TargetAttributes = {
					E3486D7B2993F42D00F90118 = {
						CreatedOnToolsVersion = 14.0.1;
					};
				};
			};
			buildConfigurationList = E3486D772993F42D00F90118 /* Build configuration list for PBXProject "APIBooks" */;
			compatibilityVersion = "Xcode 14.0";
			developmentRegion = en;
			hasScannedForEncodings = 0;
			knownRegions = (
				en,
				Base,
			);
			mainGroup = E3486D732993F42D00F90118;
			productRefGroup = E3486D7D2993F42D00F90118 /* Products */;
			projectDirPath = "";
			projectRoot = "";
			targets = (
				E3486D7B2993F42D00F90118 /* APIBooks */,
			);
		};
/* End PBXProject section */

/* Begin PBXResourcesBuildPhase section */
		E3486D7A2993F42D00F90118 /* Resources */ = {
			isa = PBXResourcesBuildPhase;
			buildActionMask = 2147483647;
			files = (
				E3486D8C2993F43200F90118 /* LaunchScreen.storyboard in Resources */,
				E3486D892993F43200F90118 /* Assets.xcassets in Resources */,
			);
			runOnlyForDeploymentPostprocessing = 0;
		};
/* End PBXResourcesBuildPhase section */

/* Begin PBXShellScriptBuildPhase section */
		7D0DD8381F3E514E70C299F8 /* [CP] Check Pods Manifest.lock */ = {
			isa = PBXShellScriptBuildPhase;
			buildActionMask = 2147483647;
			files = (
			);
			inputFileListPaths = (
			);
			inputPaths = (
				"${PODS_PODFILE_DIR_PATH}/Podfile.lock",
				"${PODS_ROOT}/Manifest.lock",
			);
			name = "[CP] Check Pods Manifest.lock";
			outputFileListPaths = (
			);
			outputPaths = (
				"$(DERIVED_FILE_DIR)/Pods-APIBooks-checkManifestLockResult.txt",
			);
			runOnlyForDeploymentPostprocessing = 0;
			shellPath = /bin/sh;
			shellScript = "diff \"${PODS_PODFILE_DIR_PATH}/Podfile.lock\" \"${PODS_ROOT}/Manifest.lock\" > /dev/null\nif [ $? != 0 ] ; then\n    # print error to STDERR\n    echo \"error: The sandbox is not in sync with the Podfile.lock. Run 'pod install' or update your CocoaPods installation.\" >&2\n    exit 1\nfi\n# This output is used by Xcode 'outputs' to avoid re-running this script phase.\necho \"SUCCESS\" > \"${SCRIPT_OUTPUT_FILE_0}\"\n";
			showEnvVarsInLog = 0;
		};
		99A43A47AFEDA997414344FD /* [CP] Embed Pods Frameworks */ = {
			isa = PBXShellScriptBuildPhase;
			buildActionMask = 2147483647;
			files = (
			);
			inputFileListPaths = (
				"${PODS_ROOT}/Target Support Files/Pods-APIBooks/Pods-APIBooks-frameworks-${CONFIGURATION}-input-files.xcfilelist",
			);
			name = "[CP] Embed Pods Frameworks";
			outputFileListPaths = (
				"${PODS_ROOT}/Target Support Files/Pods-APIBooks/Pods-APIBooks-frameworks-${CONFIGURATION}-output-files.xcfilelist",
			);
			runOnlyForDeploymentPostprocessing = 0;
			shellPath = /bin/sh;
			shellScript = "\"${PODS_ROOT}/Target Support Files/Pods-APIBooks/Pods-APIBooks-frameworks.sh\"\n";
			showEnvVarsInLog = 0;
		};
/* End PBXShellScriptBuildPhase section */

/* Begin PBXSourcesBuildPhase section */
		E3486D782993F42D00F90118 /* Sources */ = {
			isa = PBXSourcesBuildPhase;
			buildActionMask = 2147483647;
			files = (
				E3E663072994068400EEB274 /* BookCell.swift in Sources */,
				E3486D9F2993F5DA00F90118 /* BaseViewController.swift in Sources */,
				E3486D802993F42D00F90118 /* AppDelegate.swift in Sources */,
				E3E663002993F83F00EEB274 /* HomeViewModel.swift in Sources */,
				E3CA351F29951738008F1065 /* BooksModel.swift in Sources */,
				E3486D822993F42D00F90118 /* SceneDelegate.swift in Sources */,
				E3E662FE2993F71E00EEB274 /* HomeView.swift in Sources */,
				E3E663022993F86000EEB274 /* BaseViewModel.swift in Sources */,
				E3486D9B2993F56A00F90118 /* HomeController.swift in Sources */,
				E3486D9D2993F5B600F90118 /* BaseView.swift in Sources */,
			);
			runOnlyForDeploymentPostprocessing = 0;
		};
/* End PBXSourcesBuildPhase section */

/* Begin PBXVariantGroup section */
		E3486D8A2993F43200F90118 /* LaunchScreen.storyboard */ = {
			isa = PBXVariantGroup;
			children = (
				E3486D8B2993F43200F90118 /* Base */,
			);
			name = LaunchScreen.storyboard;
			sourceTree = "<group>";
		};
/* End PBXVariantGroup section */

/* Begin XCBuildConfiguration section */
		E3486D8E2993F43200F90118 /* Debug */ = {
			isa = XCBuildConfiguration;
			buildSettings = {
				ALWAYS_SEARCH_USER_PATHS = NO;
				CLANG_ANALYZER_NONNULL = YES;
				CLANG_ANALYZER_NUMBER_OBJECT_CONVERSION = YES_AGGRESSIVE;
				CLANG_CXX_LANGUAGE_STANDARD = "gnu++20";
				CLANG_ENABLE_MODULES = YES;
				CLANG_ENABLE_OBJC_ARC = YES;
				CLANG_ENABLE_OBJC_WEAK = YES;
				CLANG_WARN_BLOCK_CAPTURE_AUTORELEASING = YES;
				CLANG_WARN_BOOL_CONVERSION = YES;
				CLANG_WARN_COMMA = YES;
				CLANG_WARN_CONSTANT_CONVERSION = YES;
				CLANG_WARN_DEPRECATED_OBJC_IMPLEMENTATIONS = YES;
				CLANG_WARN_DIRECT_OBJC_ISA_USAGE = YES_ERROR;
				CLANG_WARN_DOCUMENTATION_COMMENTS = YES;
				CLANG_WARN_EMPTY_BODY = YES;
				CLANG_WARN_ENUM_CONVERSION = YES;
				CLANG_WARN_INFINITE_RECURSION = YES;
				CLANG_WARN_INT_CONVERSION = YES;
				CLANG_WARN_NON_LITERAL_NULL_CONVERSION = YES;
				CLANG_WARN_OBJC_IMPLICIT_RETAIN_SELF = YES;
				CLANG_WARN_OBJC_LITERAL_CONVERSION = YES;
				CLANG_WARN_OBJC_ROOT_CLASS = YES_ERROR;
				CLANG_WARN_QUOTED_INCLUDE_IN_FRAMEWORK_HEADER = YES;
				CLANG_WARN_RANGE_LOOP_ANALYSIS = YES;
				CLANG_WARN_STRICT_PROTOTYPES = YES;
				CLANG_WARN_SUSPICIOUS_MOVE = YES;
				CLANG_WARN_UNGUARDED_AVAILABILITY = YES_AGGRESSIVE;
				CLANG_WARN_UNREACHABLE_CODE = YES;
				CLANG_WARN__DUPLICATE_METHOD_MATCH = YES;
				COPY_PHASE_STRIP = NO;
				DEBUG_INFORMATION_FORMAT = dwarf;
				ENABLE_STRICT_OBJC_MSGSEND = YES;
				ENABLE_TESTABILITY = YES;
				GCC_C_LANGUAGE_STANDARD = gnu11;
				GCC_DYNAMIC_NO_PIC = NO;
				GCC_NO_COMMON_BLOCKS = YES;
				GCC_OPTIMIZATION_LEVEL = 0;
				GCC_PREPROCESSOR_DEFINITIONS = (
					"DEBUG=1",
					"$(inherited)",
				);
				GCC_WARN_64_TO_32_BIT_CONVERSION = YES;
				GCC_WARN_ABOUT_RETURN_TYPE = YES_ERROR;
				GCC_WARN_UNDECLARED_SELECTOR = YES;
				GCC_WARN_UNINITIALIZED_AUTOS = YES_AGGRESSIVE;
				GCC_WARN_UNUSED_FUNCTION = YES;
				GCC_WARN_UNUSED_VARIABLE = YES;
				IPHONEOS_DEPLOYMENT_TARGET = 16.0;
				MTL_ENABLE_DEBUG_INFO = INCLUDE_SOURCE;
				MTL_FAST_MATH = YES;
				ONLY_ACTIVE_ARCH = YES;
				SDKROOT = iphoneos;
				SWIFT_ACTIVE_COMPILATION_CONDITIONS = DEBUG;
				SWIFT_OPTIMIZATION_LEVEL = "-Onone";
			};
			name = Debug;
		};
		E3486D8F2993F43200F90118 /* Release */ = {
			isa = XCBuildConfiguration;
			buildSettings = {
				ALWAYS_SEARCH_USER_PATHS = NO;
				CLANG_ANALYZER_NONNULL = YES;
				CLANG_ANALYZER_NUMBER_OBJECT_CONVERSION = YES_AGGRESSIVE;
				CLANG_CXX_LANGUAGE_STANDARD = "gnu++20";
				CLANG_ENABLE_MODULES = YES;
				CLANG_ENABLE_OBJC_ARC = YES;
				CLANG_ENABLE_OBJC_WEAK = YES;
				CLANG_WARN_BLOCK_CAPTURE_AUTORELEASING = YES;
				CLANG_WARN_BOOL_CONVERSION = YES;
				CLANG_WARN_COMMA = YES;
				CLANG_WARN_CONSTANT_CONVERSION = YES;
				CLANG_WARN_DEPRECATED_OBJC_IMPLEMENTATIONS = YES;
				CLANG_WARN_DIRECT_OBJC_ISA_USAGE = YES_ERROR;
				CLANG_WARN_DOCUMENTATION_COMMENTS = YES;
				CLANG_WARN_EMPTY_BODY = YES;
				CLANG_WARN_ENUM_CONVERSION = YES;
				CLANG_WARN_INFINITE_RECURSION = YES;
				CLANG_WARN_INT_CONVERSION = YES;
				CLANG_WARN_NON_LITERAL_NULL_CONVERSION = YES;
				CLANG_WARN_OBJC_IMPLICIT_RETAIN_SELF = YES;
				CLANG_WARN_OBJC_LITERAL_CONVERSION = YES;
				CLANG_WARN_OBJC_ROOT_CLASS = YES_ERROR;
				CLANG_WARN_QUOTED_INCLUDE_IN_FRAMEWORK_HEADER = YES;
				CLANG_WARN_RANGE_LOOP_ANALYSIS = YES;
				CLANG_WARN_STRICT_PROTOTYPES = YES;
				CLANG_WARN_SUSPICIOUS_MOVE = YES;
				CLANG_WARN_UNGUARDED_AVAILABILITY = YES_AGGRESSIVE;
				CLANG_WARN_UNREACHABLE_CODE = YES;
				CLANG_WARN__DUPLICATE_METHOD_MATCH = YES;
				COPY_PHASE_STRIP = NO;
				DEBUG_INFORMATION_FORMAT = "dwarf-with-dsym";
				ENABLE_NS_ASSERTIONS = NO;
				ENABLE_STRICT_OBJC_MSGSEND = YES;
				GCC_C_LANGUAGE_STANDARD = gnu11;
				GCC_NO_COMMON_BLOCKS = YES;
				GCC_WARN_64_TO_32_BIT_CONVERSION = YES;
				GCC_WARN_ABOUT_RETURN_TYPE = YES_ERROR;
				GCC_WARN_UNDECLARED_SELECTOR = YES;
				GCC_WARN_UNINITIALIZED_AUTOS = YES_AGGRESSIVE;
				GCC_WARN_UNUSED_FUNCTION = YES;
				GCC_WARN_UNUSED_VARIABLE = YES;
				IPHONEOS_DEPLOYMENT_TARGET = 16.0;
				MTL_ENABLE_DEBUG_INFO = NO;
				MTL_FAST_MATH = YES;
				SDKROOT = iphoneos;
				SWIFT_COMPILATION_MODE = wholemodule;
				SWIFT_OPTIMIZATION_LEVEL = "-O";
				VALIDATE_PRODUCT = YES;
			};
			name = Release;
		};
		E3486D912993F43200F90118 /* Debug */ = {
			isa = XCBuildConfiguration;
			baseConfigurationReference = C0AACA16872BA09371E19976 /* Pods-APIBooks.debug.xcconfig */;
			buildSettings = {
				ASSETCATALOG_COMPILER_APPICON_NAME = AppIcon;
				ASSETCATALOG_COMPILER_GLOBAL_ACCENT_COLOR_NAME = AccentColor;
				CODE_SIGN_STYLE = Automatic;
				CURRENT_PROJECT_VERSION = 1;
				GENERATE_INFOPLIST_FILE = YES;
				INFOPLIST_FILE = APIBooks/Info.plist;
				INFOPLIST_KEY_UIApplicationSupportsIndirectInputEvents = YES;
				INFOPLIST_KEY_UILaunchStoryboardName = LaunchScreen;
				INFOPLIST_KEY_UISupportedInterfaceOrientations_iPad = "UIInterfaceOrientationPortrait UIInterfaceOrientationPortraitUpsideDown UIInterfaceOrientationLandscapeLeft UIInterfaceOrientationLandscapeRight";
				INFOPLIST_KEY_UISupportedInterfaceOrientations_iPhone = "UIInterfaceOrientationPortrait UIInterfaceOrientationLandscapeLeft UIInterfaceOrientationLandscapeRight";
				IPHONEOS_DEPLOYMENT_TARGET = 13.0;
				LD_RUNPATH_SEARCH_PATHS = (
					"$(inherited)",
					"@executable_path/Frameworks",
				);
				MARKETING_VERSION = 1.0;
				PRODUCT_BUNDLE_IDENTIFIER = raul.santos.APIBooks;
				PRODUCT_NAME = "$(TARGET_NAME)";
				SWIFT_EMIT_LOC_STRINGS = YES;
				SWIFT_VERSION = 5.0;
				TARGETED_DEVICE_FAMILY = "1,2";
			};
			name = Debug;
		};
		E3486D922993F43200F90118 /* Release */ = {
			isa = XCBuildConfiguration;
			baseConfigurationReference = A4122FCE98545548F7300D66 /* Pods-APIBooks.release.xcconfig */;
			buildSettings = {
				ASSETCATALOG_COMPILER_APPICON_NAME = AppIcon;
				ASSETCATALOG_COMPILER_GLOBAL_ACCENT_COLOR_NAME = AccentColor;
				CODE_SIGN_STYLE = Automatic;
				CURRENT_PROJECT_VERSION = 1;
				GENERATE_INFOPLIST_FILE = YES;
				INFOPLIST_FILE = APIBooks/Info.plist;
				INFOPLIST_KEY_UIApplicationSupportsIndirectInputEvents = YES;
				INFOPLIST_KEY_UILaunchStoryboardName = LaunchScreen;
				INFOPLIST_KEY_UISupportedInterfaceOrientations_iPad = "UIInterfaceOrientationPortrait UIInterfaceOrientationPortraitUpsideDown UIInterfaceOrientationLandscapeLeft UIInterfaceOrientationLandscapeRight";
				INFOPLIST_KEY_UISupportedInterfaceOrientations_iPhone = "UIInterfaceOrientationPortrait UIInterfaceOrientationLandscapeLeft UIInterfaceOrientationLandscapeRight";
				IPHONEOS_DEPLOYMENT_TARGET = 13.0;
				LD_RUNPATH_SEARCH_PATHS = (
					"$(inherited)",
					"@executable_path/Frameworks",
				);
				MARKETING_VERSION = 1.0;
				PRODUCT_BUNDLE_IDENTIFIER = raul.santos.APIBooks;
				PRODUCT_NAME = "$(TARGET_NAME)";
				SWIFT_EMIT_LOC_STRINGS = YES;
				SWIFT_VERSION = 5.0;
				TARGETED_DEVICE_FAMILY = "1,2";
			};
			name = Release;
		};
/* End XCBuildConfiguration section */

/* Begin XCConfigurationList section */
		E3486D772993F42D00F90118 /* Build configuration list for PBXProject "APIBooks" */ = {
			isa = XCConfigurationList;
			buildConfigurations = (
				E3486D8E2993F43200F90118 /* Debug */,
				E3486D8F2993F43200F90118 /* Release */,
			);
			defaultConfigurationIsVisible = 0;
			defaultConfigurationName = Release;
		};
		E3486D902993F43200F90118 /* Build configuration list for PBXNativeTarget "APIBooks" */ = {
			isa = XCConfigurationList;
			buildConfigurations = (
				E3486D912993F43200F90118 /* Debug */,
				E3486D922993F43200F90118 /* Release */,
			);
			defaultConfigurationIsVisible = 0;
			defaultConfigurationName = Release;
		};
/* End XCConfigurationList section */
	};
	rootObject = E3486D742993F42D00F90118 /* Project object */;
}
